hash: 952b4eb04b38c4be2feb921cf51ee8ad1d83d96bd01e3b69a4e1f5f48061cea7
updated: 2016-10-24T13:21:27.152224705+02:00
imports:
- name: github.com/davecgh/go-spew
  version: 5215b55f46b2b919f50a1df0eaa5886afe4e3b3d
  subpackages:
  - spew
- name: github.com/deckarep/golang-set
  version: 52ba7f28f319e9d560acbf47c7fcf9b9ee7aa7d3
- name: github.com/eapache/go-resiliency
  version: b86b1ec0dd4209a588dc1285cdd471e73525c0b3
  subpackages:
  - breaker
- name: github.com/eapache/go-xerial-snappy
  version: bb955e01b9346ac19dc29eb16586c90ded99a98c
- name: github.com/eapache/queue
  version: ded5959c0d4e360646dc9e9908cff48666781367
- name: github.com/elastic/beats
  version: b997a7457a779379672421ec20fe9089628b23e0
  subpackages:
  - libbeat/beat
  - libbeat/cfgfile
  - libbeat/common
  - libbeat/common/dtfmt
  - libbeat/common/fmtstr
  - libbeat/common/op
  - libbeat/common/streambuf
  - libbeat/logp
  - libbeat/outputs
  - libbeat/outputs/console
  - libbeat/outputs/elasticsearch
  - libbeat/outputs/fileout
  - libbeat/outputs/kafka
  - libbeat/outputs/logstash
  - libbeat/outputs/mode
  - libbeat/outputs/mode/lb
  - libbeat/outputs/mode/modeutil
  - libbeat/outputs/mode/single
  - libbeat/outputs/outil
  - libbeat/outputs/redis
  - libbeat/outputs/transport
  - libbeat/paths
  - libbeat/processors
  - libbeat/processors/actions
  - libbeat/publisher
  - libbeat/service
  - metricbeat/schema
  - metricbeat/schema/mapstriface
  - packetbeat/procs
- name: github.com/elastic/go-lumber
  version: 616041e345fc33c97bc0eb0fa6b388aa07bca3e1
  subpackages:
  - client/v2
  - lj
  - log
  - protocol/v2
  - server/internal
  - server/v2
- name: github.com/elastic/go-ucfg
  version: 6baf3ba6c380865e8176e9418551444b25cbf8f2
  subpackages:
  - cfgutil
  - flag
  - json
  - yaml
- name: github.com/eleme/netlink
  version: fd62544701fed20795ad4f1db6d09f6d81654a1e
- name: github.com/garyburd/redigo
  version: 8873b2f1995f59d4bcdd2b0dc9858e2cb9bf0c13
  subpackages:
  - internal
  - redis
- name: github.com/golang/snappy
  version: d9eb7a3d35ec988b8585d4a0068e462c27d28380
- name: github.com/joeshaw/multierror
  version: 69b34d4ec901851247ae7e77d33909caf9df99ed
- name: github.com/klauspost/compress
  version: 006acde2c5d283d2f8b8aa03d8f0cd2891c680cf
  subpackages:
  - flate
  - zlib
- name: github.com/klauspost/cpuid
  version: 09cded8978dc9e80714c4d85b0322337b0a1e5e0
- name: github.com/klauspost/crc32
  version: 19b0b332c9e4516a6370a0456e6182c3b5036720
- name: github.com/nranchev/go-libGeoIP
  version: c78e8bd2dd3599feb21fd30886043979e82fe948
- name: github.com/pkg/errors
  version: 01fa4104b9c248c8945d14d9f128454d5b28d595
- name: github.com/raboof/beats-output-http
  version: ffc669d359da03e26eda85674ea95f225cb14bbd
- name: github.com/rcrowley/go-metrics
  version: ab2277b1c5d15c3cba104e9cbddbdfc622df5ad8
  subpackages:
  - exp
- name: github.com/satori/go.uuid
  version: 879c5887cd475cd7864858769793b2ceb0d44feb
- name: github.com/Shopify/sarama
  version: 79f4f3268b75e30e3110a62ea8497fa7b2d20923
  repo: https://github.com/urso/sarama
- name: golang.org/x/net
  version: d58ca6618b994150e624f6888d871f4709db51a0
  subpackages:
  - icmp
  - ipv4
  - ipv6
  - proxy
  - publicsuffix
- name: golang.org/x/sys
  version: 62bee037599929a6e9146f29d10dd5208c43507d
  subpackages:
  - windows
  - windows/svc
  - windows/svc/debug
- name: gopkg.in/yaml.v2
  version: a83829b6f1293c91addabc89d0571c246397bbf4
testImports:
- name: github.com/kr/pretty
  version: cfb55aafdaf3ec08f0db22699ab822c50091b1c4
- name: github.com/kr/text
  version: 7cafcd837844e784b526369c9bce262804aebc60
- name: github.com/stvp/assert
  version: 488e5f84a1e0e947e909f1f4f1e851502f61972d
