hash: 402f49709b60a75eab4808da7b93965144e5712a90cadbdcf18b480b387fcf29
updated: 2018-07-18T10:29:32.519904032Z
imports:
- name: github.com/Azure/go-ansiterm
  version: d6e3b3328b783f23731bc4d058875b0371ff8109
  subpackages:
  - winterm
- name: github.com/containerd/continuity
  version: 0377f7d767206f3a9e8881d0f02267b0d89c7a62
  subpackages:
  - pathdriver
- name: github.com/davecgh/go-spew
  version: 5215b55f46b2b919f50a1df0eaa5886afe4e3b3d
  subpackages:
  - spew
- name: github.com/deckarep/golang-set
  version: 1d4478f51bed434f1dadf96dcd9b43aabac66795
- name: github.com/docker/docker
  version: 2a7388a6c47a58c402acfe0059fbe27a7a090c23
  subpackages:
  - api/types
  - api/types/blkiodev
  - api/types/container
  - api/types/filters
  - api/types/mount
  - api/types/network
  - api/types/registry
  - api/types/strslice
  - api/types/swarm
  - api/types/swarm/runtime
  - api/types/versions
  - opts
  - pkg/archive
  - pkg/fileutils
  - pkg/homedir
  - pkg/idtools
  - pkg/ioutils
  - pkg/jsonmessage
  - pkg/longpath
  - pkg/mount
  - pkg/pools
  - pkg/stdcopy
  - pkg/system
  - pkg/term
  - pkg/term/windows
- name: github.com/docker/go-connections
  version: 7395e3f8aa162843a74ed6d48e79627d9792ac55
  subpackages:
  - nat
- name: github.com/docker/go-units
  version: 47565b4f722fb6ceae66b95f853feed578a4a51c
- name: github.com/eapache/go-resiliency
  version: b86b1ec0dd4209a588dc1285cdd471e73525c0b3
  subpackages:
  - breaker
- name: github.com/eapache/go-xerial-snappy
  version: bb955e01b9346ac19dc29eb16586c90ded99a98c
- name: github.com/eapache/queue
  version: ded5959c0d4e360646dc9e9908cff48666781367
- name: github.com/elastic/beats
  version: 12bcd55d7f8f678bb1e513679e2da71810f91d63
  subpackages:
  - libbeat/beat
  - libbeat/cfgfile
  - libbeat/common
  - libbeat/common/dtfmt
  - libbeat/common/file
  - libbeat/common/fmtstr
  - libbeat/common/jsontransform
  - libbeat/common/match
  - libbeat/common/op
  - libbeat/common/streambuf
  - libbeat/dashboards/dashboards
  - libbeat/logp
  - libbeat/monitoring
  - libbeat/monitoring/adapter
  - libbeat/outputs
  - libbeat/outputs/codecs/format
  - libbeat/outputs/codecs/json
  - libbeat/outputs/console
  - libbeat/outputs/elasticsearch
  - libbeat/outputs/fileout
  - libbeat/outputs/kafka
  - libbeat/outputs/logstash
  - libbeat/outputs/mode
  - libbeat/outputs/mode/lb
  - libbeat/outputs/mode/modeutil
  - libbeat/outputs/mode/single
  - libbeat/outputs/outil
  - libbeat/outputs/redis
  - libbeat/outputs/transport
  - libbeat/paths
  - libbeat/plugin
  - libbeat/processors
  - libbeat/processors/actions
  - libbeat/processors/add_cloud_metadata
  - libbeat/publisher
  - libbeat/service
  - libbeat/setup/kibana
  - metricbeat/schema
  - metricbeat/schema/mapstriface
  - packetbeat/procs
- name: github.com/elastic/go-lumber
  version: 616041e345fc33c97bc0eb0fa6b388aa07bca3e1
  subpackages:
  - client/v2
  - lj
  - log
  - protocol/v2
  - server/internal
  - server/v2
- name: github.com/elastic/go-ucfg
  version: ec8488a52542c0c51e42e8ea204dcaff400bc644
  subpackages:
  - cfgutil
  - flag
  - internal/parse
  - json
  - yaml
- name: github.com/fsouza/go-dockerclient
  version: d2a6d0596004cc01062a2a068540b817f911e6dc
  subpackages:
  - testing
- name: github.com/garyburd/redigo
  version: 8873b2f1995f59d4bcdd2b0dc9858e2cb9bf0c13
  subpackages:
  - internal
  - redis
- name: github.com/gogo/protobuf
  version: 636bf0302bc95575d69441b25a2603156ffdddf1
  subpackages:
  - proto
- name: github.com/golang/snappy
  version: d9eb7a3d35ec988b8585d4a0068e462c27d28380
- name: github.com/gorilla/context
  version: 08b5f424b9271eedf6f9f0ce86cb9396ed337a42
- name: github.com/gorilla/mux
  version: cb4698366aa625048f3b815af6a0dea8aef9280a
- name: github.com/joeshaw/multierror
  version: 69b34d4ec901851247ae7e77d33909caf9df99ed
- name: github.com/klauspost/compress
  version: 006acde2c5d283d2f8b8aa03d8f0cd2891c680cf
  subpackages:
  - flate
  - zlib
- name: github.com/klauspost/cpuid
  version: 09cded8978dc9e80714c4d85b0322337b0a1e5e0
- name: github.com/klauspost/crc32
  version: 19b0b332c9e4516a6370a0456e6182c3b5036720
- name: github.com/Microsoft/go-winio
  version: 67921128fb397dd80339870d2193d6b1e6856fd4
- name: github.com/mitchellh/hashstructure
  version: b098c52ef6beab8cd82bc4a32422cf54b890e8fa
- name: github.com/nranchev/go-libGeoIP
  version: c78e8bd2dd3599feb21fd30886043979e82fe948
- name: github.com/Nvveen/Gotty
  version: cd527374f1e5bff4938207604a14f2e38a9cf512
- name: github.com/opencontainers/go-digest
  version: c9281466c8b2f606084ac71339773efd177436e7
- name: github.com/opencontainers/image-spec
  version: d60099175f88c47cd379c4738d158884749ed235
  subpackages:
  - specs-go
  - specs-go/v1
- name: github.com/opencontainers/runc
  version: bc1467269fce13e9780345cfa25f9ca530601aba
  subpackages:
  - libcontainer/system
  - libcontainer/user
- name: github.com/pierrec/lz4
  version: 5c9560bfa9ace2bf86080bf40d46b34ae44604df
- name: github.com/pierrec/xxHash
  version: 5a004441f897722c627870a981d02b29924215fa
  subpackages:
  - xxHash32
- name: github.com/pkg/errors
  version: 01fa4104b9c248c8945d14d9f128454d5b28d595
- name: github.com/raboof/beats-output-http
  version: cb470721af7ee1e826178f34fa8ab2b6fe6697b5
- name: github.com/raboof/netlink
  version: a0d9c85e38f44c4eac8460ea8ed273f7884c5d25
- name: github.com/rcrowley/go-metrics
  version: ab2277b1c5d15c3cba104e9cbddbdfc622df5ad8
  subpackages:
  - exp
- name: github.com/satori/go.uuid
  version: 879c5887cd475cd7864858769793b2ceb0d44feb
- name: github.com/Shopify/sarama
  version: f0996189c86dc27338468f2a9b10077c6d572b34
  repo: https://github.com/urso/sarama
- name: github.com/sirupsen/logrus
  version: 92052687f8ec598ff0da626d2909478cfd1e3a3c
- name: golang.org/x/crypto
  version: a49355c7e3f8fe157a85be2f77e6e269a0f89602
  subpackages:
  - ssh/terminal
- name: golang.org/x/net
  version: d58ca6618b994150e624f6888d871f4709db51a0
  subpackages:
  - context
  - context/ctxhttp
  - icmp
  - ipv4
  - ipv6
  - proxy
  - publicsuffix
- name: golang.org/x/sys
  version: 62bee037599929a6e9146f29d10dd5208c43507d
  subpackages:
  - unix
  - windows
  - windows/svc
  - windows/svc/debug
- name: gopkg.in/yaml.v2
  version: a83829b6f1293c91addabc89d0571c246397bbf4
testImports:
- name: github.com/kr/pretty
  version: 73f6ac0b30a98e433b289500d779f50c1a6f0712
- name: github.com/kr/text
  version: e2ffdb16a802fe2bb95e2e35ff34f0e53aeef34f
- name: github.com/stvp/assert
  version: 4bc16443988bace8e1b42d62d3601f70d74e4638
